Microsoft Visual Studio Solution File, Format Version 11.00
# Visual Studio 2008

Project("{089F7E48-49CB-E5CE-7F3D-3B84780832B9}") = "Eg^2", "Assembly-CSharp-firstpass.csproj", "{BC70913D-379A-8791-3F29-6A303618FE0E}"
EndProject
Project("{089F7E48-49CB-E5CE-7F3D-3B84780832B9}") = "Eg^2", "Assembly-CSharp.csproj", "{7A644CAC-128A-8DA0-E727-F16FB18D7D5F}"
EndProject
Project("{089F7E48-49CB-E5CE-7F3D-3B84780832B9}") = "Eg^2", "Assembly-CSharp-Editor.csproj", "{E7658941-0743-0778-E479-E0FD81C3E553}"
EndProject
Global
	GlobalSection(SolutionConfigurationPlatforms) = preSolution
		Debug|Any CPU = Debug|Any CPU
		Release|Any CPU = Release|Any CPU
	EndGlobalSection
	GlobalSection(ProjectConfigurationPlatforms) = postSolution
		{BC70913D-379A-8791-3F29-6A303618FE0E}.Debug|Any CPU.ActiveCfg = Debug|Any CPU
		{BC70913D-379A-8791-3F29-6A303618FE0E}.Debug|Any CPU.Build.0 = Debug|Any CPU
		{BC70913D-379A-8791-3F29-6A303618FE0E}.Release|Any CPU.ActiveCfg = Release|Any CPU
		{BC70913D-379A-8791-3F29-6A303618FE0E}.Release|Any CPU.Build.0 = Release|Any CPU
		{7A644CAC-128A-8DA0-E727-F16FB18D7D5F}.Debug|Any CPU.ActiveCfg = Debug|Any CPU
		{7A644CAC-128A-8DA0-E727-F16FB18D7D5F}.Debug|Any CPU.Build.0 = Debug|Any CPU
		{7A644CAC-128A-8DA0-E727-F16FB18D7D5F}.Release|Any CPU.ActiveCfg = Release|Any CPU
		{7A644CAC-128A-8DA0-E727-F16FB18D7D5F}.Release|Any CPU.Build.0 = Release|Any CPU
		{E7658941-0743-0778-E479-E0FD81C3E553}.Debug|Any CPU.ActiveCfg = Debug|Any CPU
		{E7658941-0743-0778-E479-E0FD81C3E553}.Debug|Any CPU.Build.0 = Debug|Any CPU
		{E7658941-0743-0778-E479-E0FD81C3E553}.Release|Any CPU.ActiveCfg = Release|Any CPU
		{E7658941-0743-0778-E479-E0FD81C3E553}.Release|Any CPU.Build.0 = Release|Any CPU
	EndGlobalSection
	GlobalSection(SolutionProperties) = preSolution
		HideSolutionNode = FALSE
	EndGlobalSection
	GlobalSection(MonoDevelopProperties) = preSolution
		StartupItem = Assembly-CSharp.csproj
	EndGlobalSection
EndGlobal
